
Microsoft Visual Studio Solution File, Format Version 12.00
# Visual Studio Version 16
VisualStudioVersion = 16.0.35325.158
MinimumVisualStudioVersion = 10.0.40219.1
Project("{FAE04EC0-301F-11D3-BF4B-00C04F79EFBC}") = "SivilabApp", "SivilabApp\SivilabApp.csproj", "{45328FF4-CB42-4A8D-91D6-66ACC1623055}"
EndProject
Project("{2150E333-8FDC-42A3-9474-1A3956D46DE8}") = "Solution Items", "Solution Items", "{5C9977AA-0F79-4CC6-B5AF-8414913A688E}"
	ProjectSection(SolutionItems) = preProject
		.editorconfig = .editorconfig
	EndProjectSection
EndProject
Global
	GlobalSection(SolutionConfigurationPlatforms) = preSolution
		Debug|Any CPU = Debug|Any CPU
		Release|Any CPU = Release|Any CPU
	EndGlobalSection
	GlobalSection(ProjectConfigurationPlatforms) = postSolution
		{45328FF4-CB42-4A8D-91D6-66ACC1623055}.Debug|Any CPU.ActiveCfg = Debug|Any CPU
		{45328FF4-CB42-4A8D-91D6-66ACC1623055}.Debug|Any CPU.Build.0 = Debug|Any CPU
		{45328FF4-CB42-4A8D-91D6-66ACC1623055}.Release|Any CPU.ActiveCfg = Release|Any CPU
		{45328FF4-CB42-4A8D-91D6-66ACC1623055}.Release|Any CPU.Build.0 = Release|Any CPU
	EndGlobalSection
	GlobalSection(SolutionProperties) = preSolution
		HideSolutionNode = FALSE
	EndGlobalSection
	GlobalSection(ExtensibilityGlobals) = postSolution
		SolutionGuid = {F523A6EF-0D7B-451C-A11E-3AA133D57187}
	EndGlobalSection
EndGlobal
